
Microsoft Visual Studio Solution File, Format Version 12.00
# Visual Studio Version 17
VisualStudioVersion = 17.12.35527.113 d17.12
MinimumVisualStudioVersion = 10.0.40219.1
Project("{FAE04EC0-301F-11D3-BF4B-00C04F79EFBC}") = "Demo.DecoratedHandlers.Tests", "Demo.DecoratedHandlers.Tests\Demo.DecoratedHandlers.Tests.csproj", "{2DA1BAC5-7D5C-424B-94F9-EC2963CD2E3C}"
EndProject
Project("{FAE04EC0-301F-11D3-BF4B-00C04F79EFBC}") = "Demo.DecoratedHandlers.Gen", "Demo.DecoratedHandlers.Gen\Demo.DecoratedHandlers.Gen.csproj", "{02E76C78-4587-42FF-9F88-3D6C42B191CF}"
EndProject
Project("{FAE04EC0-301F-11D3-BF4B-00C04F79EFBC}") = "Demo.DecoratedHandlers.NoGeneration.Tests", "Demo.DecoratedHandlers.NoGeneration.Tests\Demo.DecoratedHandlers.NoGeneration.Tests.csproj", "{91B7BC34-0C0D-4A04-AC7A-3C9798C8DAD2}"
EndProject
Project("{FAE04EC0-301F-11D3-BF4B-00C04F79EFBC}") = "Demo.DecoratedHandlers", "Demo.DecoratedHandlers\Demo.DecoratedHandlers.csproj", "{FA6D5EAE-F541-4769-8B66-12EC953D70FC}"
EndProject
Global
	GlobalSection(SolutionConfigurationPlatforms) = preSolution
		Debug|Any CPU = Debug|Any CPU
		Release|Any CPU = Release|Any CPU
	EndGlobalSection
	GlobalSection(ProjectConfigurationPlatforms) = postSolution
		{2DA1BAC5-7D5C-424B-94F9-EC2963CD2E3C}.Debug|Any CPU.ActiveCfg = Debug|Any CPU
		{2DA1BAC5-7D5C-424B-94F9-EC2963CD2E3C}.Debug|Any CPU.Build.0 = Debug|Any CPU
		{2DA1BAC5-7D5C-424B-94F9-EC2963CD2E3C}.Release|Any CPU.ActiveCfg = Release|Any CPU
		{2DA1BAC5-7D5C-424B-94F9-EC2963CD2E3C}.Release|Any CPU.Build.0 = Release|Any CPU
		{02E76C78-4587-42FF-9F88-3D6C42B191CF}.Debug|Any CPU.ActiveCfg = Debug|Any CPU
		{02E76C78-4587-42FF-9F88-3D6C42B191CF}.Debug|Any CPU.Build.0 = Debug|Any CPU
		{02E76C78-4587-42FF-9F88-3D6C42B191CF}.Release|Any CPU.ActiveCfg = Release|Any CPU
		{02E76C78-4587-42FF-9F88-3D6C42B191CF}.Release|Any CPU.Build.0 = Release|Any CPU
		{91B7BC34-0C0D-4A04-AC7A-3C9798C8DAD2}.Debug|Any CPU.ActiveCfg = Debug|Any CPU
		{91B7BC34-0C0D-4A04-AC7A-3C9798C8DAD2}.Debug|Any CPU.Build.0 = Debug|Any CPU
		{91B7BC34-0C0D-4A04-AC7A-3C9798C8DAD2}.Release|Any CPU.ActiveCfg = Release|Any CPU
		{91B7BC34-0C0D-4A04-AC7A-3C9798C8DAD2}.Release|Any CPU.Build.0 = Release|Any CPU
		{FA6D5EAE-F541-4769-8B66-12EC953D70FC}.Debug|Any CPU.ActiveCfg = Debug|Any CPU
		{FA6D5EAE-F541-4769-8B66-12EC953D70FC}.Debug|Any CPU.Build.0 = Debug|Any CPU
		{FA6D5EAE-F541-4769-8B66-12EC953D70FC}.Release|Any CPU.ActiveCfg = Release|Any CPU
		{FA6D5EAE-F541-4769-8B66-12EC953D70FC}.Release|Any CPU.Build.0 = Release|Any CPU
	EndGlobalSection
	GlobalSection(SolutionProperties) = preSolution
		HideSolutionNode = FALSE
	EndGlobalSection
EndGlobal
